// !$*UTF8*$!
{
	archiveVersion = 1;
	classes = {
	};
	objectVersion = 46;
	objects = {

/* Begin PBXBuildFile section */
		0F9A74EB1DADEBAE0052A6F8 /* main.m in Sources */ = {isa = PBXBuildFile; fileRef = 0F9A74EA1DADEBAE0052A6F8 /* main.m */; };
		0F9A74EE1DADEBAE0052A6F8 /* AppDelegate.m in Sources */ = {isa = PBXBuildFile; fileRef = 0F9A74ED1DADEBAE0052A6F8 /* AppDelegate.m */; };
		0F9A74F61DADEBAE0052A6F8 /* Assets.xcassets in Resources */ = {isa = PBXBuildFile; fileRef = 0F9A74F51DADEBAE0052A6F8 /* Assets.xcassets */; };
		0F9A74F91DADEBAE0052A6F8 /* LaunchScreen.storyboard in Resources */ = {isa = PBXBuildFile; fileRef = 0F9A74F71DADEBAE0052A6F8 /* LaunchScreen.storyboard */; };
		0F9A750C1DADF0420052A6F8 /* MLMOptionSelectView.m in Sources */ = {isa = PBXBuildFile; fileRef = 0F9A750B1DADF0420052A6F8 /* MLMOptionSelectView.m */; };
		0F9A75151DAE1BCD0052A6F8 /* UIView+Category.m in Sources */ = {isa = PBXBuildFile; fileRef = 0F9A75141DAE1BCD0052A6F8 /* UIView+Category.m */; };
		0F9A75181DAE23FE0052A6F8 /* UIView+FrameChange.m in Sources */ = {isa = PBXBuildFile; fileRef = 0F9A75171DAE23FE0052A6F8 /* UIView+FrameChange.m */; };
		0F9A75211DAE32A10052A6F8 /* CustomViewController.m in Sources */ = {isa = PBXBuildFile; fileRef = 0F9A751F1DAE32A10052A6F8 /* CustomViewController.m */; };
		0FAD06F91DAF8B71004571E2 /* CustomCell.m in Sources */ = {isa = PBXBuildFile; fileRef = 0FAD06F71DAF8B71004571E2 /* CustomCell.m */; };
		0FAD06FA1DAF8B71004571E2 /* CustomCell.xib in Resources */ = {isa = PBXBuildFile; fileRef = 0FAD06F81DAF8B71004571E2 /* CustomCell.xib */; };
/* End PBXBuildFile section */

/* Begin PBXFileReference section */
		0F9A74E61DADEBAE0052A6F8 /* MLMOptionSelectView.app */ = {isa = PBXFileReference; explicitFileType = wrapper.application; includeInIndex = 0; path = MLMOptionSelectView.app; sourceTree = BUILT_PRODUCTS_DIR; };
		0F9A74EA1DADEBAE0052A6F8 /* main.m */ = {isa = PBXFileReference; lastKnownFileType = sourcecode.c.objc; path = main.m; sourceTree = "<group>"; };
		0F9A74EC1DADEBAE0052A6F8 /* AppDelegate.h */ = {isa = PBXFileReference; lastKnownFileType = sourcecode.c.h; path = AppDelegate.h; sourceTree = "<group>"; };
		0F9A74ED1DADEBAE0052A6F8 /* AppDelegate.m */ = {isa = PBXFileReference; lastKnownFileType = sourcecode.c.objc; path = AppDelegate.m; sourceTree = "<group>"; };
		0F9A74F51DADEBAE0052A6F8 /* Assets.xcassets */ = {isa = PBXFileReference; lastKnownFileType = folder.assetcatalog; path = Assets.xcassets; sourceTree = "<group>"; };
		0F9A74F81DADEBAE0052A6F8 /* Base */ = {isa = PBXFileReference; lastKnownFileType = file.storyboard; name = Base; path = Base.lproj/LaunchScreen.storyboard; sourceTree = "<group>"; };
		0F9A74FA1DADEBAE0052A6F8 /* Info.plist */ = {isa = PBXFileReference; lastKnownFileType = text.plist.xml; path = Info.plist; sourceTree = "<group>"; };
		0F9A750A1DADF0420052A6F8 /* MLMOptionSelectView.h */ = {isa = PBXFileReference; fileEncoding = 4; lastKnownFileType = sourcecode.c.h; path = MLMOptionSelectView.h; sourceTree = "<group>"; };
		0F9A750B1DADF0420052A6F8 /* MLMOptionSelectView.m */ = {isa = PBXFileReference; fileEncoding = 4; lastKnownFileType = sourcecode.c.objc; path = MLMOptionSelectView.m; sourceTree = "<group>"; };
		0F9A75131DAE1BCD0052A6F8 /* UIView+Category.h */ = {isa = PBXFileReference; fileEncoding = 4; lastKnownFileType = sourcecode.c.h; path = "UIView+Category.h"; sourceTree = "<group>"; };
		0F9A75141DAE1BCD0052A6F8 /* UIView+Category.m */ = {isa = PBXFileReference; fileEncoding = 4; lastKnownFileType = sourcecode.c.objc; path = "UIView+Category.m"; sourceTree = "<group>"; };
		0F9A75161DAE23FE0052A6F8 /* UIView+FrameChange.h */ = {isa = PBXFileReference; fileEncoding = 4; lastKnownFileType = sourcecode.c.h; path = "UIView+FrameChange.h"; sourceTree = "<group>"; };
		0F9A75171DAE23FE0052A6F8 /* UIView+FrameChange.m */ = {isa = PBXFileReference; fileEncoding = 4; lastKnownFileType = sourcecode.c.objc; path = "UIView+FrameChange.m"; sourceTree = "<group>"; };
		0F9A751E1DAE32A10052A6F8 /* CustomViewController.h */ = {isa = PBXFileReference; fileEncoding = 4; lastKnownFileType = sourcecode.c.h; path = CustomViewController.h; sourceTree = "<group>"; };
		0F9A751F1DAE32A10052A6F8 /* CustomViewController.m */ = {isa = PBXFileReference; fileEncoding = 4; lastKnownFileType = sourcecode.c.objc; path = CustomViewController.m; sourceTree = "<group>"; };
		0FAD06F61DAF8B71004571E2 /* CustomCell.h */ = {isa = PBXFileReference; fileEncoding = 4; lastKnownFileType = sourcecode.c.h; path = CustomCell.h; sourceTree = "<group>"; };
		0FAD06F71DAF8B71004571E2 /* CustomCell.m */ = {isa = PBXFileReference; fileEncoding = 4; lastKnownFileType = sourcecode.c.objc; path = CustomCell.m; sourceTree = "<group>"; };
		0FAD06F81DAF8B71004571E2 /* CustomCell.xib */ = {isa = PBXFileReference; fileEncoding = 4; lastKnownFileType = file.xib; path = CustomCell.xib; sourceTree = "<group>"; };
/* End PBXFileReference section */

/* Begin PBXFrameworksBuildPhase section */
		0F9A74E31DADEBAE0052A6F8 /* Frameworks */ = {
			isa = PBXFrameworksBuildPhase;
			buildActionMask = 2147483647;
			files = (
			);
			runOnlyForDeploymentPostprocessing = 0;
		};
/* End PBXFrameworksBuildPhase section */

/* Begin PBXGroup section */
		0F9A74DD1DADEBAE0052A6F8 = {
			isa = PBXGroup;
			children = (
				0F9A74E81DADEBAE0052A6F8 /* MLMOptionSelectView */,
				0F9A74E71DADEBAE0052A6F8 /* Products */,
			);
			sourceTree = "<group>";
		};
		0F9A74E71DADEBAE0052A6F8 /* Products */ = {
			isa = PBXGroup;
			children = (
				0F9A74E61DADEBAE0052A6F8 /* MLMOptionSelectView.app */,
			);
			name = Products;
			sourceTree = "<group>";
		};
		0F9A74E81DADEBAE0052A6F8 /* MLMOptionSelectView */ = {
			isa = PBXGroup;
			children = (
				0F9A74EC1DADEBAE0052A6F8 /* AppDelegate.h */,
				0F9A74ED1DADEBAE0052A6F8 /* AppDelegate.m */,
				0F9A75031DADEE360052A6F8 /* MLMOptionSelectView */,
				0FAD06F31DAF8A2E004571E2 /* DEMO */,
				0F9A74F51DADEBAE0052A6F8 /* Assets.xcassets */,
				0F9A74F71DADEBAE0052A6F8 /* LaunchScreen.storyboard */,
				0F9A74FA1DADEBAE0052A6F8 /* Info.plist */,
				0F9A74E91DADEBAE0052A6F8 /* Supporting Files */,
			);
			path = MLMOptionSelectView;
			sourceTree = "<group>";
		};
		0F9A74E91DADEBAE0052A6F8 /* Supporting Files */ = {
			isa = PBXGroup;
			children = (
				0F9A74EA1DADEBAE0052A6F8 /* main.m */,
			);
			name = "Supporting Files";
			sourceTree = "<group>";
		};
		0F9A75031DADEE360052A6F8 /* MLMOptionSelectView */ = {
			isa = PBXGroup;
			children = (
				0F9A75161DAE23FE0052A6F8 /* UIView+FrameChange.h */,
				0F9A75171DAE23FE0052A6F8 /* UIView+FrameChange.m */,
				0F9A75131DAE1BCD0052A6F8 /* UIView+Category.h */,
				0F9A75141DAE1BCD0052A6F8 /* UIView+Category.m */,
				0F9A75091DADF0420052A6F8 /* selectView */,
			);
			path = MLMOptionSelectView;
			sourceTree = "<group>";
		};
		0F9A75091DADF0420052A6F8 /* selectView */ = {
			isa = PBXGroup;
			children = (
				0F9A750A1DADF0420052A6F8 /* MLMOptionSelectView.h */,
				0F9A750B1DADF0420052A6F8 /* MLMOptionSelectView.m */,
			);
			path = selectView;
			sourceTree = "<group>";
		};
		0FAD06F31DAF8A2E004571E2 /* DEMO */ = {
			isa = PBXGroup;
			children = (
				0FAD06F51DAF8AF2004571E2 /* cell */,
				0F9A751E1DAE32A10052A6F8 /* CustomViewController.h */,
				0F9A751F1DAE32A10052A6F8 /* CustomViewController.m */,
			);
			name = DEMO;
			sourceTree = "<group>";
		};
		0FAD06F51DAF8AF2004571E2 /* cell */ = {
			isa = PBXGroup;
			children = (
				0FAD06F61DAF8B71004571E2 /* CustomCell.h */,
				0FAD06F71DAF8B71004571E2 /* CustomCell.m */,
				0FAD06F81DAF8B71004571E2 /* CustomCell.xib */,
			);
			name = cell;
			sourceTree = "<group>";
		};
/* End PBXGroup section */

/* Begin PBXNativeTarget section */
		0F9A74E51DADEBAE0052A6F8 /* MLMOptionSelectView */ = {
			isa = PBXNativeTarget;
			buildConfigurationList = 0F9A74FD1DADEBAE0052A6F8 /* Build configuration list for PBXNativeTarget "MLMOptionSelectView" */;
			buildPhases = (
				0F9A74E21DADEBAE0052A6F8 /* Sources */,
				0F9A74E31DADEBAE0052A6F8 /* Frameworks */,
				0F9A74E41DADEBAE0052A6F8 /* Resources */,
			);
			buildRules = (
			);
			dependencies = (
			);
			name = MLMOptionSelectView;
			productName = MLMOptionSelectView;
			productReference = 0F9A74E61DADEBAE0052A6F8 /* MLMOptionSelectView.app */;
			productType = "com.apple.product-type.application";
		};
/* End PBXNativeTarget section */

/* Begin PBXProject section */
		0F9A74DE1DADEBAE0052A6F8 /* Project object */ = {
			isa = PBXProject;
			attributes = {
				LastUpgradeCheck = 0720;
				ORGANIZATIONNAME = MS;
				TargetAttributes = {
					0F9A74E51DADEBAE0052A6F8 = {
						CreatedOnToolsVersion = 7.2.1;
					};
				};
			};
			buildConfigurationList = 0F9A74E11DADEBAE0052A6F8 /* Build configuration list for PBXProject "MLMOptionSelectView" */;
			compatibilityVersion = "Xcode 3.2";
			developmentRegion = English;
			hasScannedForEncodings = 0;
			knownRegions = (
				en,
				Base,
			);
			mainGroup = 0F9A74DD1DADEBAE0052A6F8;
			productRefGroup = 0F9A74E71DADEBAE0052A6F8 /* Products */;
			projectDirPath = "";
			projectRoot = "";
			targets = (
				0F9A74E51DADEBAE0052A6F8 /* MLMOptionSelectView */,
			);
		};
/* End PBXProject section */

/* Begin PBXResourcesBuildPhase section */
		0F9A74E41DADEBAE0052A6F8 /* Resources */ = {
			isa = PBXResourcesBuildPhase;
			buildActionMask = 2147483647;
			files = (
				0F9A74F91DADEBAE0052A6F8 /* LaunchScreen.storyboard in Resources */,
				0FAD06FA1DAF8B71004571E2 /* CustomCell.xib in Resources */,
				0F9A74F61DADEBAE0052A6F8 /* Assets.xcassets in Resources */,
			);
			runOnlyForDeploymentPostprocessing = 0;
		};
/* End PBXResourcesBuildPhase section */

/* Begin PBXSourcesBuildPhase section */
		0F9A74E21DADEBAE0052A6F8 /* Sources */ = {
			isa = PBXSourcesBuildPhase;
			buildActionMask = 2147483647;
			files = (
				0F9A74EE1DADEBAE0052A6F8 /* AppDelegate.m in Sources */,
				0F9A74EB1DADEBAE0052A6F8 /* main.m in Sources */,
				0F9A75211DAE32A10052A6F8 /* CustomViewController.m in Sources */,
				0F9A750C1DADF0420052A6F8 /* MLMOptionSelectView.m in Sources */,
				0F9A75181DAE23FE0052A6F8 /* UIView+FrameChange.m in Sources */,
				0F9A75151DAE1BCD0052A6F8 /* UIView+Category.m in Sources */,
				0FAD06F91DAF8B71004571E2 /* CustomCell.m in Sources */,
			);
			runOnlyForDeploymentPostprocessing = 0;
		};
/* End PBXSourcesBuildPhase section */

/* Begin PBXVariantGroup section */
		0F9A74F71DADEBAE0052A6F8 /* LaunchScreen.storyboard */ = {
			isa = PBXVariantGroup;
			children = (
				0F9A74F81DADEBAE0052A6F8 /* Base */,
			);
			name = LaunchScreen.storyboard;
			sourceTree = "<group>";
		};
/* End PBXVariantGroup section */

/* Begin XCBuildConfiguration section */
		0F9A74FB1DADEBAE0052A6F8 /* Debug */ = {
			isa = XCBuildConfiguration;
			buildSettings = {
				ALWAYS_SEARCH_USER_PATHS = NO;
				CLANG_CXX_LANGUAGE_STANDARD = "gnu++0x";
				CLANG_CXX_LIBRARY = "libc++";
				CLANG_ENABLE_MODULES = YES;
				CLANG_ENABLE_OBJC_ARC = YES;
				CLANG_WARN_BOOL_CONVERSION = YES;
				CLANG_WARN_CONSTANT_CONVERSION = YES;
				CLANG_WARN_DIRECT_OBJC_ISA_USAGE = YES_ERROR;
				CLANG_WARN_EMPTY_BODY = YES;
				CLANG_WARN_ENUM_CONVERSION = YES;
				CLANG_WARN_INT_CONVERSION = YES;
				CLANG_WARN_OBJC_ROOT_CLASS = YES_ERROR;
				CLANG_WARN_UNREACHABLE_CODE = YES;
				CLANG_WARN__DUPLICATE_METHOD_MATCH = YES;
				"CODE_SIGN_IDENTITY[sdk=iphoneos*]" = "iPhone Developer";
				COPY_PHASE_STRIP = NO;
				DEBUG_INFORMATION_FORMAT = dwarf;
				ENABLE_STRICT_OBJC_MSGSEND = YES;
				ENABLE_TESTABILITY = YES;
				GCC_C_LANGUAGE_STANDARD = gnu99;
				GCC_DYNAMIC_NO_PIC = NO;
				GCC_NO_COMMON_BLOCKS = YES;
				GCC_OPTIMIZATION_LEVEL = 0;
				GCC_PREPROCESSOR_DEFINITIONS = (
					"DEBUG=1",
					"$(inherited)",
				);
				GCC_WARN_64_TO_32_BIT_CONVERSION = YES;
				GCC_WARN_ABOUT_RETURN_TYPE = YES_ERROR;
				GCC_WARN_UNDECLARED_SELECTOR = YES;
				GCC_WARN_UNINITIALIZED_AUTOS = YES_AGGRESSIVE;
				GCC_WARN_UNUSED_FUNCTION = YES;
				GCC_WARN_UNUSED_VARIABLE = YES;
				IPHONEOS_DEPLOYMENT_TARGET = 9.2;
				MTL_ENABLE_DEBUG_INFO = YES;
				ONLY_ACTIVE_ARCH = YES;
				SDKROOT = iphoneos;
				TARGETED_DEVICE_FAMILY = "1,2";
			};
			name = Debug;
		};
		0F9A74FC1DADEBAE0052A6F8 /* Release */ = {
			isa = XCBuildConfiguration;
			buildSettings = {
				ALWAYS_SEARCH_USER_PATHS = NO;
				CLANG_CXX_LANGUAGE_STANDARD = "gnu++0x";
				CLANG_CXX_LIBRARY = "libc++";
				CLANG_ENABLE_MODULES = YES;
				CLANG_ENABLE_OBJC_ARC = YES;
				CLANG_WARN_BOOL_CONVERSION = YES;
				CLANG_WARN_CONSTANT_CONVERSION = YES;
				CLANG_WARN_DIRECT_OBJC_ISA_USAGE = YES_ERROR;
				CLANG_WARN_EMPTY_BODY = YES;
				CLANG_WARN_ENUM_CONVERSION = YES;
				CLANG_WARN_INT_CONVERSION = YES;
				CLANG_WARN_OBJC_ROOT_CLASS = YES_ERROR;
				CLANG_WARN_UNREACHABLE_CODE = YES;
				CLANG_WARN__DUPLICATE_METHOD_MATCH = YES;
				"CODE_SIGN_IDENTITY[sdk=iphoneos*]" = "iPhone Developer";
				COPY_PHASE_STRIP = NO;
				DEBUG_INFORMATION_FORMAT = "dwarf-with-dsym";
				ENABLE_NS_ASSERTIONS = NO;
				ENABLE_STRICT_OBJC_MSGSEND = YES;
				GCC_C_LANGUAGE_STANDARD = gnu99;
				GCC_NO_COMMON_BLOCKS = YES;
				GCC_WARN_64_TO_32_BIT_CONVERSION = YES;
				GCC_WARN_ABOUT_RETURN_TYPE = YES_ERROR;
				GCC_WARN_UNDECLARED_SELECTOR = YES;
				GCC_WARN_UNINITIALIZED_AUTOS = YES_AGGRESSIVE;
				GCC_WARN_UNUSED_FUNCTION = YES;
				GCC_WARN_UNUSED_VARIABLE = YES;
				IPHONEOS_DEPLOYMENT_TARGET = 9.2;
				MTL_ENABLE_DEBUG_INFO = NO;
				SDKROOT = iphoneos;
				TARGETED_DEVICE_FAMILY = "1,2";
				VALIDATE_PRODUCT = YES;
			};
			name = Release;
		};
		0F9A74FE1DADEBAE0052A6F8 /* Debug */ = {
			isa = XCBuildConfiguration;
			buildSettings = {
				ASSETCATALOG_COMPILER_APPICON_NAME = AppIcon;
				INFOPLIST_FILE = MLMOptionSelectView/Info.plist;
				LD_RUNPATH_SEARCH_PATHS = "$(inherited) @executable_path/Frameworks";
				PRODUCT_BUNDLE_IDENTIFIER = com.mlm.MLMOptionSelectView;
				PRODUCT_NAME = "$(TARGET_NAME)";
			};
			name = Debug;
		};
		0F9A74FF1DADEBAE0052A6F8 /* Release */ = {
			isa = XCBuildConfiguration;
			buildSettings = {
				ASSETCATALOG_COMPILER_APPICON_NAME = AppIcon;
				INFOPLIST_FILE = MLMOptionSelectView/Info.plist;
				LD_RUNPATH_SEARCH_PATHS = "$(inherited) @executable_path/Frameworks";
				PRODUCT_BUNDLE_IDENTIFIER = com.mlm.MLMOptionSelectView;
				PRODUCT_NAME = "$(TARGET_NAME)";
			};
			name = Release;
		};
/* End XCBuildConfiguration section */

/* Begin XCConfigurationList section */
		0F9A74E11DADEBAE0052A6F8 /* Build configuration list for PBXProject "MLMOptionSelectView" */ = {
			isa = XCConfigurationList;
			buildConfigurations = (
				0F9A74FB1DADEBAE0052A6F8 /* Debug */,
				0F9A74FC1DADEBAE0052A6F8 /* Release */,
			);
			defaultConfigurationIsVisible = 0;
			defaultConfigurationName = Release;
		};
		0F9A74FD1DADEBAE0052A6F8 /* Build configuration list for PBXNativeTarget "MLMOptionSelectView" */ = {
			isa = XCConfigurationList;
			buildConfigurations = (
				0F9A74FE1DADEBAE0052A6F8 /* Debug */,
				0F9A74FF1DADEBAE0052A6F8 /* Release */,
			);
			defaultConfigurationIsVisible = 0;
			defaultConfigurationName = Release;
		};
/* End XCConfigurationList section */
	};
	rootObject = 0F9A74DE1DADEBAE0052A6F8 /* Project object */;
}
